// !$*UTF8*$!
{
	archiveVersion = 1;
	classes = {
	};
	objectVersion = 50;
	objects = {

/* Begin PBXBuildFile section */
		3234CE92BEFE2BB97DFED3FD /* Pods_iTAUITests.framework in Frameworks */ = {isa = PBXBuildFile; fileRef = F1345AAEFFEE6C4DDCC3FD8E /* Pods_iTAUITests.framework */; };
		4431F44F2106A83E00EDFD3F /* Alamofire.framework in Frameworks */ = {isa = PBXBuildFile; fileRef = 4431F44E2106A83E00EDFD3F /* Alamofire.framework */; };
		4434ABA32106CA8200BC1980 /* DLRadioButton.framework in Frameworks */ = {isa = PBXBuildFile; fileRef = 4434ABA22106CA8200BC1980 /* DLRadioButton.framework */; };
		444724F52108159700519169 /* Authentication.swift in Sources */ = {isa = PBXBuildFile; fileRef = 444724F42108159700519169 /* Authentication.swift */; };
		446141C92116004C00C76DE7 /* SideMenu.framework in Frameworks */ = {isa = PBXBuildFile; fileRef = 446141C82116004C00C76DE7 /* SideMenu.framework */; };
		4479C62C210022C300E7035B /* RestApiManager.swift in Sources */ = {isa = PBXBuildFile; fileRef = 4479C62B210022C300E7035B /* RestApiManager.swift */; };
		447E171A2114D415007D7747 /* SwiftKeychainWrapper.framework in Frameworks */ = {isa = PBXBuildFile; fileRef = 447E17192114D415007D7747 /* SwiftKeychainWrapper.framework */; };
		44F5B4FB20EC65C200CCDB0F /* AppDelegate.swift in Sources */ = {isa = PBXBuildFile; fileRef = 44F5B4FA20EC65C200CCDB0F /* AppDelegate.swift */; };
		44F5B4FD20EC65C200CCDB0F /* ViewController.swift in Sources */ = {isa = PBXBuildFile; fileRef = 44F5B4FC20EC65C200CCDB0F /* ViewController.swift */; };
		44F5B50020EC65C200CCDB0F /* Main.storyboard in Resources */ = {isa = PBXBuildFile; fileRef = 44F5B4FE20EC65C200CCDB0F /* Main.storyboard */; };
		44F5B50220EC65C300CCDB0F /* Assets.xcassets in Resources */ = {isa = PBXBuildFile; fileRef = 44F5B50120EC65C300CCDB0F /* Assets.xcassets */; };
		44F5B50520EC65C300CCDB0F /* LaunchScreen.storyboard in Resources */ = {isa = PBXBuildFile; fileRef = 44F5B50320EC65C300CCDB0F /* LaunchScreen.storyboard */; };
		44F5B51020EC65C300CCDB0F /* iTATests.swift in Sources */ = {isa = PBXBuildFile; fileRef = 44F5B50F20EC65C300CCDB0F /* iTATests.swift */; };
		44F5B51B20EC65C300CCDB0F /* iTAUITests.swift in Sources */ = {isa = PBXBuildFile; fileRef = 44F5B51A20EC65C300CCDB0F /* iTAUITests.swift */; };
		44F5B52A20EC675B00CCDB0F /* LocalAuthentication.framework in Frameworks */ = {isa = PBXBuildFile; fileRef = 44F5B52920EC675B00CCDB0F /* LocalAuthentication.framework */; };
		44F5B52E20EC6CAB00CCDB0F /* RegisterViewController.swift in Sources */ = {isa = PBXBuildFile; fileRef = 44F5B52D20EC6CAB00CCDB0F /* RegisterViewController.swift */; };
		637E2A062133813E0097A2D6 /* VimeoNetworking.framework in Frameworks */ = {isa = PBXBuildFile; fileRef = 637E2A052133813E0097A2D6 /* VimeoNetworking.framework */; };
		637E2A0A213384C10097A2D6 /* HCVimeoVideoExtractor.framework in Frameworks */ = {isa = PBXBuildFile; fileRef = 637E2A09213384C10097A2D6 /* HCVimeoVideoExtractor.framework */; };
		638E35132138CA3A003116E6 /* PaymentViewController.swift in Sources */ = {isa = PBXBuildFile; fileRef = 638E35122138CA3A003116E6 /* PaymentViewController.swift */; };
		638E35152138DF83003116E6 /* SwripeClient.swift in Sources */ = {isa = PBXBuildFile; fileRef = 638E35142138DF83003116E6 /* SwripeClient.swift */; };
		63D3590B212A48FB00F42F5B /* BaseViewController.swift in Sources */ = {isa = PBXBuildFile; fileRef = 63D3590A212A48FB00F42F5B /* BaseViewController.swift */; };
		63D3590D212A496500F42F5B /* MenuViewController.swift in Sources */ = {isa = PBXBuildFile; fileRef = 63D3590C212A496500F42F5B /* MenuViewController.swift */; };
		A23B5C5218213164244C0EEF /* Pods_iTA.framework in Frameworks */ = {isa = PBXBuildFile; fileRef = 48063A8E713F1BB3682DE10C /* Pods_iTA.framework */; };
		FC336106AF123F60CF8F3ADA /* Pods_iTATests.framework in Frameworks */ = {isa = PBXBuildFile; fileRef = 88E8AFF6AF4DD66677E6FEA4 /* Pods_iTATests.framework */; };
/* End PBXBuildFile section */

/* Begin PBXContainerItemProxy section */
		44F5B50C20EC65C300CCDB0F /* PBXContainerItemProxy */ = {
			isa = PBXContainerItemProxy;
			containerPortal = 44F5B4EF20EC65C200CCDB0F /* Project object */;
			proxyType = 1;
			remoteGlobalIDString = 44F5B4F620EC65C200CCDB0F;
			remoteInfo = iTA;
		};
		44F5B51720EC65C300CCDB0F /* PBXContainerItemProxy */ = {
			isa = PBXContainerItemProxy;
			containerPortal = 44F5B4EF20EC65C200CCDB0F /* Project object */;
			proxyType = 1;
			remoteGlobalIDString = 44F5B4F620EC65C200CCDB0F;
			remoteInfo = iTA;
		};
/* End PBXContainerItemProxy section */

/* Begin PBXFileReference section */
		10A37E65B7DB46B84F6E63F1 /* Pods-iTAUITests.debug.xcconfig */ = {isa = PBXFileReference; includeInIndex = 1; lastKnownFileType = text.xcconfig; name = "Pods-iTAUITests.debug.xcconfig"; path = "Pods/Target Support Files/Pods-iTAUITests/Pods-iTAUITests.debug.xcconfig"; sourceTree = "<group>"; };
		4431F44E2106A83E00EDFD3F /* Alamofire.framework */ = {isa = PBXFileReference; explicitFileType = wrapper.framework; path = Alamofire.framework; sourceTree = BUILT_PRODUCTS_DIR; };
		4434ABA22106CA8200BC1980 /* DLRadioButton.framework */ = {isa = PBXFileReference; explicitFileType = wrapper.framework; path = DLRadioButton.framework; sourceTree = BUILT_PRODUCTS_DIR; };
		444724F42108159700519169 /* Authentication.swift */ = {isa = PBXFileReference; lastKnownFileType = sourcecode.swift; name = Authentication.swift; path = Supportcontrollers/Authentication.swift; sourceTree = "<group>"; };
		446141C82116004C00C76DE7 /* SideMenu.framework */ = {isa = PBXFileReference; explicitFileType = wrapper.framework; path = SideMenu.framework; sourceTree = BUILT_PRODUCTS_DIR; };
		4479C62B210022C300E7035B /* RestApiManager.swift */ = {isa = PBXFileReference; lastKnownFileType = sourcecode.swift; path = RestApiManager.swift; sourceTree = "<group>"; };
		447E17192114D415007D7747 /* SwiftKeychainWrapper.framework */ = {isa = PBXFileReference; explicitFileType = wrapper.framework; path = SwiftKeychainWrapper.framework; sourceTree = BUILT_PRODUCTS_DIR; };
		44F5B4F720EC65C200CCDB0F /* iTA.app */ = {isa = PBXFileReference; explicitFileType = wrapper.application; includeInIndex = 0; path = iTA.app; sourceTree = BUILT_PRODUCTS_DIR; };
		44F5B4FA20EC65C200CCDB0F /* AppDelegate.swift */ = {isa = PBXFileReference; lastKnownFileType = sourcecode.swift; path = AppDelegate.swift; sourceTree = "<group>"; };
		44F5B4FC20EC65C200CCDB0F /* ViewController.swift */ = {isa = PBXFileReference; lastKnownFileType = sourcecode.swift; path = ViewController.swift; sourceTree = "<group>"; };
		44F5B4FF20EC65C200CCDB0F /* Base */ = {isa = PBXFileReference; lastKnownFileType = file.storyboard; name = Base; path = Base.lproj/Main.storyboard; sourceTree = "<group>"; };
		44F5B50120EC65C300CCDB0F /* Assets.xcassets */ = {isa = PBXFileReference; lastKnownFileType = folder.assetcatalog; path = Assets.xcassets; sourceTree = "<group>"; };
		44F5B50420EC65C300CCDB0F /* Base */ = {isa = PBXFileReference; lastKnownFileType = file.storyboard; name = Base; path = Base.lproj/LaunchScreen.storyboard; sourceTree = "<group>"; };
		44F5B50620EC65C300CCDB0F /* Info.plist */ = {isa = PBXFileReference; lastKnownFileType = text.plist.xml; path = Info.plist; sourceTree = "<group>"; };
		44F5B50B20EC65C300CCDB0F /* iTATests.xctest */ = {isa = PBXFileReference; explicitFileType = wrapper.cfbundle; includeInIndex = 0; path = iTATests.xctest; sourceTree = BUILT_PRODUCTS_DIR; };
		44F5B50F20EC65C300CCDB0F /* iTATests.swift */ = {isa = PBXFileReference; lastKnownFileType = sourcecode.swift; path = iTATests.swift; sourceTree = "<group>"; };
		44F5B51120EC65C300CCDB0F /* Info.plist */ = {isa = PBXFileReference; lastKnownFileType = text.plist.xml; path = Info.plist; sourceTree = "<group>"; };
		44F5B51620EC65C300CCDB0F /* iTAUITests.xctest */ = {isa = PBXFileReference; explicitFileType = wrapper.cfbundle; includeInIndex = 0; path = iTAUITests.xctest; sourceTree = BUILT_PRODUCTS_DIR; };
		44F5B51A20EC65C300CCDB0F /* iTAUITests.swift */ = {isa = PBXFileReference; lastKnownFileType = sourcecode.swift; path = iTAUITests.swift; sourceTree = "<group>"; };
		44F5B51C20EC65C300CCDB0F /* Info.plist */ = {isa = PBXFileReference; lastKnownFileType = text.plist.xml; path = Info.plist; sourceTree = "<group>"; };
		44F5B52920EC675B00CCDB0F /* LocalAuthentication.framework */ = {isa = PBXFileReference; lastKnownFileType = wrapper.framework; name = LocalAuthentication.framework; path = System/Library/Frameworks/LocalAuthentication.framework; sourceTree = SDKROOT; };
		44F5B52D20EC6CAB00CCDB0F /* RegisterViewController.swift */ = {isa = PBXFileReference; lastKnownFileType = sourcecode.swift; name = RegisterViewController.swift; path = Supportcontrollers/RegisterViewController.swift; sourceTree = "<group>"; };
		48063A8E713F1BB3682DE10C /* Pods_iTA.framework */ = {isa = PBXFileReference; explicitFileType = wrapper.framework; includeInIndex = 0; path = Pods_iTA.framework; sourceTree = BUILT_PRODUCTS_DIR; };
		637E2A052133813E0097A2D6 /* VimeoNetworking.framework */ = {isa = PBXFileReference; explicitFileType = wrapper.framework; path = VimeoNetworking.framework; sourceTree = BUILT_PRODUCTS_DIR; };
		637E2A09213384C10097A2D6 /* HCVimeoVideoExtractor.framework */ = {isa = PBXFileReference; explicitFileType = wrapper.framework; path = HCVimeoVideoExtractor.framework; sourceTree = BUILT_PRODUCTS_DIR; };
		638E35122138CA3A003116E6 /* PaymentViewController.swift */ = {isa = PBXFileReference; lastKnownFileType = sourcecode.swift; path = PaymentViewController.swift; sourceTree = "<group>"; };
		638E35142138DF83003116E6 /* SwripeClient.swift */ = {isa = PBXFileReference; lastKnownFileType = sourcecode.swift; path = SwripeClient.swift; sourceTree = "<group>"; };
		63D3590A212A48FB00F42F5B /* BaseViewController.swift */ = {isa = PBXFileReference; lastKnownFileType = sourcecode.swift; path = BaseViewController.swift; sourceTree = "<group>"; };
		63D3590C212A496500F42F5B /* MenuViewController.swift */ = {isa = PBXFileReference; lastKnownFileType = sourcecode.swift; path = MenuViewController.swift; sourceTree = "<group>"; };
		815E1F78EF99045FE80553C8 /* Pods-iTATests.release.xcconfig */ = {isa = PBXFileReference; includeInIndex = 1; lastKnownFileType = text.xcconfig; name = "Pods-iTATests.release.xcconfig"; path = "Pods/Target Support Files/Pods-iTATests/Pods-iTATests.release.xcconfig"; sourceTree = "<group>"; };
		839E4318AE597362213E336C /* Pods-iTATests.debug.xcconfig */ = {isa = PBXFileReference; includeInIndex = 1; lastKnownFileType = text.xcconfig; name = "Pods-iTATests.debug.xcconfig"; path = "Pods/Target Support Files/Pods-iTATests/Pods-iTATests.debug.xcconfig"; sourceTree = "<group>"; };
		88E8AFF6AF4DD66677E6FEA4 /* Pods_iTATests.framework */ = {isa = PBXFileReference; explicitFileType = wrapper.framework; includeInIndex = 0; path = Pods_iTATests.framework; sourceTree = BUILT_PRODUCTS_DIR; };
		C4E6E82D5E1059595A27A6F9 /* Pods-iTAUITests.release.xcconfig */ = {isa = PBXFileReference; includeInIndex = 1; lastKnownFileType = text.xcconfig; name = "Pods-iTAUITests.release.xcconfig"; path = "Pods/Target Support Files/Pods-iTAUITests/Pods-iTAUITests.release.xcconfig"; sourceTree = "<group>"; };
		CE77839A8E045533451455D3 /* Pods-iTA.debug.xcconfig */ = {isa = PBXFileReference; includeInIndex = 1; lastKnownFileType = text.xcconfig; name = "Pods-iTA.debug.xcconfig"; path = "Pods/Target Support Files/Pods-iTA/Pods-iTA.debug.xcconfig"; sourceTree = "<group>"; };
		F1345AAEFFEE6C4DDCC3FD8E /* Pods_iTAUITests.framework */ = {isa = PBXFileReference; explicitFileType = wrapper.framework; includeInIndex = 0; path = Pods_iTAUITests.framework; sourceTree = BUILT_PRODUCTS_DIR; };
		F2450010A8740F64B853BFC3 /* Pods-iTA.release.xcconfig */ = {isa = PBXFileReference; includeInIndex = 1; lastKnownFileType = text.xcconfig; name = "Pods-iTA.release.xcconfig"; path = "Pods/Target Support Files/Pods-iTA/Pods-iTA.release.xcconfig"; sourceTree = "<group>"; };
/* End PBXFileReference section */

/* Begin PBXFrameworksBuildPhase section */
		44F5B4F420EC65C200CCDB0F /* Frameworks */ = {
			isa = PBXFrameworksBuildPhase;
			buildActionMask = 2147483647;
			files = (
				637E2A0A213384C10097A2D6 /* HCVimeoVideoExtractor.framework in Frameworks */,
				637E2A062133813E0097A2D6 /* VimeoNetworking.framework in Frameworks */,
				446141C92116004C00C76DE7 /* SideMenu.framework in Frameworks */,
				447E171A2114D415007D7747 /* SwiftKeychainWrapper.framework in Frameworks */,
				4434ABA32106CA8200BC1980 /* DLRadioButton.framework in Frameworks */,
				4431F44F2106A83E00EDFD3F /* Alamofire.framework in Frameworks */,
				44F5B52A20EC675B00CCDB0F /* LocalAuthentication.framework in Frameworks */,
				A23B5C5218213164244C0EEF /* Pods_iTA.framework in Frameworks */,
			);
			runOnlyForDeploymentPostprocessing = 0;
		};
		44F5B50820EC65C300CCDB0F /* Frameworks */ = {
			isa = PBXFrameworksBuildPhase;
			buildActionMask = 2147483647;
			files = (
				FC336106AF123F60CF8F3ADA /* Pods_iTATests.framework in Frameworks */,
			);
			runOnlyForDeploymentPostprocessing = 0;
		};
		44F5B51320EC65C300CCDB0F /* Frameworks */ = {
			isa = PBXFrameworksBuildPhase;
			buildActionMask = 2147483647;
			files = (
				3234CE92BEFE2BB97DFED3FD /* Pods_iTAUITests.framework in Frameworks */,
			);
			runOnlyForDeploymentPostprocessing = 0;
		};
/* End PBXFrameworksBuildPhase section */

/* Begin PBXGroup section */
		1A48EC45CA720CC1EE0F10E7 /* Pods */ = {
			isa = PBXGroup;
			children = (
				CE77839A8E045533451455D3 /* Pods-iTA.debug.xcconfig */,
				F2450010A8740F64B853BFC3 /* Pods-iTA.release.xcconfig */,
				839E4318AE597362213E336C /* Pods-iTATests.debug.xcconfig */,
				815E1F78EF99045FE80553C8 /* Pods-iTATests.release.xcconfig */,
				10A37E65B7DB46B84F6E63F1 /* Pods-iTAUITests.debug.xcconfig */,
				C4E6E82D5E1059595A27A6F9 /* Pods-iTAUITests.release.xcconfig */,
			);
			name = Pods;
			sourceTree = "<group>";
		};
		44F5B4EE20EC65C200CCDB0F = {
			isa = PBXGroup;
			children = (
				44F5B4F920EC65C200CCDB0F /* iTA */,
				44F5B50E20EC65C300CCDB0F /* iTATests */,
				44F5B51920EC65C300CCDB0F /* iTAUITests */,
				44F5B4F820EC65C200CCDB0F /* Products */,
				44F5B52820EC675B00CCDB0F /* Frameworks */,
				1A48EC45CA720CC1EE0F10E7 /* Pods */,
			);
			sourceTree = "<group>";
		};
		44F5B4F820EC65C200CCDB0F /* Products */ = {
			isa = PBXGroup;
			children = (
				44F5B4F720EC65C200CCDB0F /* iTA.app */,
				44F5B50B20EC65C300CCDB0F /* iTATests.xctest */,
				44F5B51620EC65C300CCDB0F /* iTAUITests.xctest */,
			);
			name = Products;
			sourceTree = "<group>";
		};
		44F5B4F920EC65C200CCDB0F /* iTA */ = {
			isa = PBXGroup;
			children = (
				44F5B4FA20EC65C200CCDB0F /* AppDelegate.swift */,
				44F5B4FC20EC65C200CCDB0F /* ViewController.swift */,
				44F5B52D20EC6CAB00CCDB0F /* RegisterViewController.swift */,
				44F5B4FE20EC65C200CCDB0F /* Main.storyboard */,
				638E35122138CA3A003116E6 /* PaymentViewController.swift */,
				444724F42108159700519169 /* Authentication.swift */,
				44F5B50120EC65C300CCDB0F /* Assets.xcassets */,
				44F5B50320EC65C300CCDB0F /* LaunchScreen.storyboard */,
				44F5B50620EC65C300CCDB0F /* Info.plist */,
				4479C62B210022C300E7035B /* RestApiManager.swift */,
				63D3590A212A48FB00F42F5B /* BaseViewController.swift */,
				63D3590C212A496500F42F5B /* MenuViewController.swift */,
				638E35142138DF83003116E6 /* SwripeClient.swift */,
			);
			path = iTA;
			sourceTree = "<group>";
		};
		44F5B50E20EC65C300CCDB0F /* iTATests */ = {
			isa = PBXGroup;
			children = (
				44F5B50F20EC65C300CCDB0F /* iTATests.swift */,
				44F5B51120EC65C300CCDB0F /* Info.plist */,
			);
			path = iTATests;
			sourceTree = "<group>";
		};
		44F5B51920EC65C300CCDB0F /* iTAUITests */ = {
			isa = PBXGroup;
			children = (
				44F5B51A20EC65C300CCDB0F /* iTAUITests.swift */,
				44F5B51C20EC65C300CCDB0F /* Info.plist */,
			);
			path = iTAUITests;
			sourceTree = "<group>";
		};
		44F5B52820EC675B00CCDB0F /* Frameworks */ = {
			isa = PBXGroup;
			children = (
				637E2A09213384C10097A2D6 /* HCVimeoVideoExtractor.framework */,
				637E2A052133813E0097A2D6 /* VimeoNetworking.framework */,
				446141C82116004C00C76DE7 /* SideMenu.framework */,
				447E17192114D415007D7747 /* SwiftKeychainWrapper.framework */,
				4434ABA22106CA8200BC1980 /* DLRadioButton.framework */,
				4431F44E2106A83E00EDFD3F /* Alamofire.framework */,
				44F5B52920EC675B00CCDB0F /* LocalAuthentication.framework */,
				48063A8E713F1BB3682DE10C /* Pods_iTA.framework */,
				88E8AFF6AF4DD66677E6FEA4 /* Pods_iTATests.framework */,
				F1345AAEFFEE6C4DDCC3FD8E /* Pods_iTAUITests.framework */,
			);
			name = Frameworks;
			sourceTree = "<group>";
		};
/* End PBXGroup section */

/* Begin PBXNativeTarget section */
		44F5B4F620EC65C200CCDB0F /* iTA */ = {
			isa = PBXNativeTarget;
			buildConfigurationList = 44F5B51F20EC65C300CCDB0F /* Build configuration list for PBXNativeTarget "iTA" */;
			buildPhases = (
				FB8AACD91F5FDDFEE52A5C74 /* [CP] Check Pods Manifest.lock */,
				44F5B4F320EC65C200CCDB0F /* Sources */,
				44F5B4F420EC65C200CCDB0F /* Frameworks */,
				44F5B4F520EC65C200CCDB0F /* Resources */,
				6A8B82FD0ACF4D63FF2E12B9 /* [CP] Embed Pods Frameworks */,
			);
			buildRules = (
			);
			dependencies = (
			);
			name = iTA;
			productName = iTA;
			productReference = 44F5B4F720EC65C200CCDB0F /* iTA.app */;
			productType = "com.apple.product-type.application";
		};
		44F5B50A20EC65C300CCDB0F /* iTATests */ = {
			isa = PBXNativeTarget;
			buildConfigurationList = 44F5B52220EC65C300CCDB0F /* Build configuration list for PBXNativeTarget "iTATests" */;
			buildPhases = (
				E5AA6FE868556A58BF602588 /* [CP] Check Pods Manifest.lock */,
				44F5B50720EC65C300CCDB0F /* Sources */,
				44F5B50820EC65C300CCDB0F /* Frameworks */,
				44F5B50920EC65C300CCDB0F /* Resources */,
			);
			buildRules = (
			);
			dependencies = (
				44F5B50D20EC65C300CCDB0F /* PBXTargetDependency */,
			);
			name = iTATests;
			productName = iTATests;
			productReference = 44F5B50B20EC65C300CCDB0F /* iTATests.xctest */;
			productType = "com.apple.product-type.bundle.unit-test";
		};
		44F5B51520EC65C300CCDB0F /* iTAUITests */ = {
			isa = PBXNativeTarget;
			buildConfigurationList = 44F5B52520EC65C300CCDB0F /* Build configuration list for PBXNativeTarget "iTAUITests" */;
			buildPhases = (
				4B441688DF29936FC2AB72FA /* [CP] Check Pods Manifest.lock */,
				44F5B51220EC65C300CCDB0F /* Sources */,
				44F5B51320EC65C300CCDB0F /* Frameworks */,
				44F5B51420EC65C300CCDB0F /* Resources */,
			);
			buildRules = (
			);
			dependencies = (
				44F5B51820EC65C300CCDB0F /* PBXTargetDependency */,
			);
			name = iTAUITests;
			productName = iTAUITests;
			productReference = 44F5B51620EC65C300CCDB0F /* iTAUITests.xctest */;
			productType = "com.apple.product-type.bundle.ui-testing";
		};
/* End PBXNativeTarget section */

/* Begin PBXProject section */
		44F5B4EF20EC65C200CCDB0F /* Project object */ = {
			isa = PBXProject;
			attributes = {
				LastSwiftUpdateCheck = 0940;
				LastUpgradeCheck = 0940;
				ORGANIZATIONNAME = "Shuyang Zang";
				TargetAttributes = {
					44F5B4F620EC65C200CCDB0F = {
						CreatedOnToolsVersion = 9.4.1;
					};
					44F5B50A20EC65C300CCDB0F = {
						CreatedOnToolsVersion = 9.4.1;
						TestTargetID = 44F5B4F620EC65C200CCDB0F;
					};
					44F5B51520EC65C300CCDB0F = {
						CreatedOnToolsVersion = 9.4.1;
						TestTargetID = 44F5B4F620EC65C200CCDB0F;
					};
				};
			};
			buildConfigurationList = 44F5B4F220EC65C200CCDB0F /* Build configuration list for PBXProject "iTA" */;
			compatibilityVersion = "Xcode 9.3";
			developmentRegion = en;
			hasScannedForEncodings = 0;
			knownRegions = (
				en,
				Base,
			);
			mainGroup = 44F5B4EE20EC65C200CCDB0F;
			productRefGroup = 44F5B4F820EC65C200CCDB0F /* Products */;
			projectDirPath = "";
			projectRoot = "";
			targets = (
				44F5B4F620EC65C200CCDB0F /* iTA */,
				44F5B50A20EC65C300CCDB0F /* iTATests */,
				44F5B51520EC65C300CCDB0F /* iTAUITests */,
			);
		};
/* End PBXProject section */

/* Begin PBXResourcesBuildPhase section */
		44F5B4F520EC65C200CCDB0F /* Resources */ = {
			isa = PBXResourcesBuildPhase;
			buildActionMask = 2147483647;
			files = (
				44F5B50520EC65C300CCDB0F /* LaunchScreen.storyboard in Resources */,
				44F5B50220EC65C300CCDB0F /* Assets.xcassets in Resources */,
				44F5B50020EC65C200CCDB0F /* Main.storyboard in Resources */,
			);
			runOnlyForDeploymentPostprocessing = 0;
		};
		44F5B50920EC65C300CCDB0F /* Resources */ = {
			isa = PBXResourcesBuildPhase;
			buildActionMask = 2147483647;
			files = (
			);
			runOnlyForDeploymentPostprocessing = 0;
		};
		44F5B51420EC65C300CCDB0F /* Resources */ = {
			isa = PBXResourcesBuildPhase;
			buildActionMask = 2147483647;
			files = (
			);
			runOnlyForDeploymentPostprocessing = 0;
		};
/* End PBXResourcesBuildPhase section */

/* Begin PBXShellScriptBuildPhase section */
		4B441688DF29936FC2AB72FA /* [CP] Check Pods Manifest.lock */ = {
			isa = PBXShellScriptBuildPhase;
			buildActionMask = 2147483647;
			files = (
			);
			inputPaths = (
				"${PODS_PODFILE_DIR_PATH}/Podfile.lock",
				"${PODS_ROOT}/Manifest.lock",
			);
			name = "[CP] Check Pods Manifest.lock";
			outputPaths = (
				"$(DERIVED_FILE_DIR)/Pods-iTAUITests-checkManifestLockResult.txt",
			);
			runOnlyForDeploymentPostprocessing = 0;
			shellPath = /bin/sh;
			shellScript = "diff \"${PODS_PODFILE_DIR_PATH}/Podfile.lock\" \"${PODS_ROOT}/Manifest.lock\" > /dev/null\nif [ $? != 0 ] ; then\n    # print error to STDERR\n    echo \"error: The sandbox is not in sync with the Podfile.lock. Run 'pod install' or update your CocoaPods installation.\" >&2\n    exit 1\nfi\n# This output is used by Xcode 'outputs' to avoid re-running this script phase.\necho \"SUCCESS\" > \"${SCRIPT_OUTPUT_FILE_0}\"\n";
			showEnvVarsInLog = 0;
		};
		6A8B82FD0ACF4D63FF2E12B9 /* [CP] Embed Pods Frameworks */ = {
			isa = PBXShellScriptBuildPhase;
			buildActionMask = 2147483647;
			files = (
			);
			inputPaths = (
				"${SRCROOT}/Pods/Target Support Files/Pods-iTA/Pods-iTA-frameworks.sh",
				"${BUILT_PRODUCTS_DIR}/AFNetworking/AFNetworking.framework",
				"${BUILT_PRODUCTS_DIR}/Alamofire/Alamofire.framework",
				"${BUILT_PRODUCTS_DIR}/DLRadioButton/DLRadioButton.framework",
				"${BUILT_PRODUCTS_DIR}/HCVimeoVideoExtractor/HCVimeoVideoExtractor.framework",
				"${BUILT_PRODUCTS_DIR}/SideMenu/SideMenu.framework",
				"${BUILT_PRODUCTS_DIR}/Stripe/Stripe.framework",
				"${BUILT_PRODUCTS_DIR}/SwiftKeychainWrapper/SwiftKeychainWrapper.framework",
				"${BUILT_PRODUCTS_DIR}/SwiftyJSON/SwiftyJSON.framework",
				"${BUILT_PRODUCTS_DIR}/VimeoNetworking/VimeoNetworking.framework",
			);
			name = "[CP] Embed Pods Frameworks";
			outputPaths = (
				"${TARGET_BUILD_DIR}/${FRAMEWORKS_FOLDER_PATH}/AFNetworking.framework",
				"${TARGET_BUILD_DIR}/${FRAMEWORKS_FOLDER_PATH}/Alamofire.framework",
				"${TARGET_BUILD_DIR}/${FRAMEWORKS_FOLDER_PATH}/DLRadioButton.framework",
				"${TARGET_BUILD_DIR}/${FRAMEWORKS_FOLDER_PATH}/HCVimeoVideoExtractor.framework",
				"${TARGET_BUILD_DIR}/${FRAMEWORKS_FOLDER_PATH}/SideMenu.framework",
				"${TARGET_BUILD_DIR}/${FRAMEWORKS_FOLDER_PATH}/Stripe.framework",
				"${TARGET_BUILD_DIR}/${FRAMEWORKS_FOLDER_PATH}/SwiftKeychainWrapper.framework",
				"${TARGET_BUILD_DIR}/${FRAMEWORKS_FOLDER_PATH}/SwiftyJSON.framework",
				"${TARGET_BUILD_DIR}/${FRAMEWORKS_FOLDER_PATH}/VimeoNetworking.framework",
			);
			runOnlyForDeploymentPostprocessing = 0;
			shellPath = /bin/sh;
			shellScript = "\"${SRCROOT}/Pods/Target Support Files/Pods-iTA/Pods-iTA-frameworks.sh\"\n";
			showEnvVarsInLog = 0;
		};
		E5AA6FE868556A58BF602588 /* [CP] Check Pods Manifest.lock */ = {
			isa = PBXShellScriptBuildPhase;
			buildActionMask = 2147483647;
			files = (
			);
			inputPaths = (
				"${PODS_PODFILE_DIR_PATH}/Podfile.lock",
				"${PODS_ROOT}/Manifest.lock",
			);
			name = "[CP] Check Pods Manifest.lock";
			outputPaths = (
				"$(DERIVED_FILE_DIR)/Pods-iTATests-checkManifestLockResult.txt",
			);
			runOnlyForDeploymentPostprocessing = 0;
			shellPath = /bin/sh;
			shellScript = "diff \"${PODS_PODFILE_DIR_PATH}/Podfile.lock\" \"${PODS_ROOT}/Manifest.lock\" > /dev/null\nif [ $? != 0 ] ; then\n    # print error to STDERR\n    echo \"error: The sandbox is not in sync with the Podfile.lock. Run 'pod install' or update your CocoaPods installation.\" >&2\n    exit 1\nfi\n# This output is used by Xcode 'outputs' to avoid re-running this script phase.\necho \"SUCCESS\" > \"${SCRIPT_OUTPUT_FILE_0}\"\n";
			showEnvVarsInLog = 0;
		};
		FB8AACD91F5FDDFEE52A5C74 /* [CP] Check Pods Manifest.lock */ = {
			isa = PBXShellScriptBuildPhase;
			buildActionMask = 2147483647;
			files = (
			);
			inputPaths = (
				"${PODS_PODFILE_DIR_PATH}/Podfile.lock",
				"${PODS_ROOT}/Manifest.lock",
			);
			name = "[CP] Check Pods Manifest.lock";
			outputPaths = (
				"$(DERIVED_FILE_DIR)/Pods-iTA-checkManifestLockResult.txt",
			);
			runOnlyForDeploymentPostprocessing = 0;
			shellPath = /bin/sh;
			shellScript = "diff \"${PODS_PODFILE_DIR_PATH}/Podfile.lock\" \"${PODS_ROOT}/Manifest.lock\" > /dev/null\nif [ $? != 0 ] ; then\n    # print error to STDERR\n    echo \"error: The sandbox is not in sync with the Podfile.lock. Run 'pod install' or update your CocoaPods installation.\" >&2\n    exit 1\nfi\n# This output is used by Xcode 'outputs' to avoid re-running this script phase.\necho \"SUCCESS\" > \"${SCRIPT_OUTPUT_FILE_0}\"\n";
			showEnvVarsInLog = 0;
		};
/* End PBXShellScriptBuildPhase section */

/* Begin PBXSourcesBuildPhase section */
		44F5B4F320EC65C200CCDB0F /* Sources */ = {
			isa = PBXSourcesBuildPhase;
			buildActionMask = 2147483647;
			files = (
				44F5B52E20EC6CAB00CCDB0F /* RegisterViewController.swift in Sources */,
				638E35152138DF83003116E6 /* SwripeClient.swift in Sources */,
				44F5B4FD20EC65C200CCDB0F /* ViewController.swift in Sources */,
				4479C62C210022C300E7035B /* RestApiManager.swift in Sources */,
				638E35132138CA3A003116E6 /* PaymentViewController.swift in Sources */,
				63D3590D212A496500F42F5B /* MenuViewController.swift in Sources */,
				444724F52108159700519169 /* Authentication.swift in Sources */,
				63D3590B212A48FB00F42F5B /* BaseViewController.swift in Sources */,
				44F5B4FB20EC65C200CCDB0F /* AppDelegate.swift in Sources */,
			);
			runOnlyForDeploymentPostprocessing = 0;
		};
		44F5B50720EC65C300CCDB0F /* Sources */ = {
			isa = PBXSourcesBuildPhase;
			buildActionMask = 2147483647;
			files = (
				44F5B51020EC65C300CCDB0F /* iTATests.swift in Sources */,
			);
			runOnlyForDeploymentPostprocessing = 0;
		};
		44F5B51220EC65C300CCDB0F /* Sources */ = {
			isa = PBXSourcesBuildPhase;
			buildActionMask = 2147483647;
			files = (
				44F5B51B20EC65C300CCDB0F /* iTAUITests.swift in Sources */,
			);
			runOnlyForDeploymentPostprocessing = 0;
		};
/* End PBXSourcesBuildPhase section */

/* Begin PBXTargetDependency section */
		44F5B50D20EC65C300CCDB0F /* PBXTargetDependency */ = {
			isa = PBXTargetDependency;
			target = 44F5B4F620EC65C200CCDB0F /* iTA */;
			targetProxy = 44F5B50C20EC65C300CCDB0F /* PBXContainerItemProxy */;
		};
		44F5B51820EC65C300CCDB0F /* PBXTargetDependency */ = {
			isa = PBXTargetDependency;
			target = 44F5B4F620EC65C200CCDB0F /* iTA */;
			targetProxy = 44F5B51720EC65C300CCDB0F /* PBXContainerItemProxy */;
		};
/* End PBXTargetDependency section */

/* Begin PBXVariantGroup section */
		44F5B4FE20EC65C200CCDB0F /* Main.storyboard */ = {
			isa = PBXVariantGroup;
			children = (
				44F5B4FF20EC65C200CCDB0F /* Base */,
			);
			name = Main.storyboard;
			sourceTree = "<group>";
		};
		44F5B50320EC65C300CCDB0F /* LaunchScreen.storyboard */ = {
			isa = PBXVariantGroup;
			children = (
				44F5B50420EC65C300CCDB0F /* Base */,
			);
			name = LaunchScreen.storyboard;
			sourceTree = "<group>";
		};
/* End PBXVariantGroup section */

/* Begin XCBuildConfiguration section */
		44F5B51D20EC65C300CCDB0F /* Debug */ = {
			isa = XCBuildConfiguration;
			buildSettings = {
				ALWAYS_SEARCH_USER_PATHS = NO;
				CLANG_ANALYZER_NONNULL = YES;
				CLANG_ANALYZER_NUMBER_OBJECT_CONVERSION = YES_AGGRESSIVE;
				CLANG_CXX_LANGUAGE_STANDARD = "gnu++14";
				CLANG_CXX_LIBRARY = "libc++";
				CLANG_ENABLE_MODULES = YES;
				CLANG_ENABLE_OBJC_ARC = YES;
				CLANG_ENABLE_OBJC_WEAK = YES;
				CLANG_WARN_BLOCK_CAPTURE_AUTORELEASING = YES;
				CLANG_WARN_BOOL_CONVERSION = YES;
				CLANG_WARN_COMMA = YES;
				CLANG_WARN_CONSTANT_CONVERSION = YES;
				CLANG_WARN_DEPRECATED_OBJC_IMPLEMENTATIONS = YES;
				CLANG_WARN_DIRECT_OBJC_ISA_USAGE = YES_ERROR;
				CLANG_WARN_DOCUMENTATION_COMMENTS = YES;
				CLANG_WARN_EMPTY_BODY = YES;
				CLANG_WARN_ENUM_CONVERSION = YES;
				CLANG_WARN_INFINITE_RECURSION = YES;
				CLANG_WARN_INT_CONVERSION = YES;
				CLANG_WARN_NON_LITERAL_NULL_CONVERSION = YES;
				CLANG_WARN_OBJC_IMPLICIT_RETAIN_SELF = YES;
				CLANG_WARN_OBJC_LITERAL_CONVERSION = YES;
				CLANG_WARN_OBJC_ROOT_CLASS = YES_ERROR;
				CLANG_WARN_RANGE_LOOP_ANALYSIS = YES;
				CLANG_WARN_STRICT_PROTOTYPES = YES;
				CLANG_WARN_SUSPICIOUS_MOVE = YES;
				CLANG_WARN_UNGUARDED_AVAILABILITY = YES_AGGRESSIVE;
				CLANG_WARN_UNREACHABLE_CODE = YES;
				CLANG_WARN__DUPLICATE_METHOD_MATCH = YES;
				CODE_SIGN_IDENTITY = "iPhone Developer";
				COPY_PHASE_STRIP = NO;
				DEBUG_INFORMATION_FORMAT = dwarf;
				ENABLE_STRICT_OBJC_MSGSEND = YES;
				ENABLE_TESTABILITY = YES;
				GCC_C_LANGUAGE_STANDARD = gnu11;
				GCC_DYNAMIC_NO_PIC = NO;
				GCC_NO_COMMON_BLOCKS = YES;
				GCC_OPTIMIZATION_LEVEL = 0;
				GCC_PREPROCESSOR_DEFINITIONS = (
					"DEBUG=1",
					"$(inherited)",
				);
				GCC_WARN_64_TO_32_BIT_CONVERSION = YES;
				GCC_WARN_ABOUT_RETURN_TYPE = YES_ERROR;
				GCC_WARN_UNDECLARED_SELECTOR = YES;
				GCC_WARN_UNINITIALIZED_AUTOS = YES_AGGRESSIVE;
				GCC_WARN_UNUSED_FUNCTION = YES;
				GCC_WARN_UNUSED_VARIABLE = YES;
				IPHONEOS_DEPLOYMENT_TARGET = 11.4;
				MTL_ENABLE_DEBUG_INFO = YES;
				ONLY_ACTIVE_ARCH = YES;
				SDKROOT = iphoneos;
				SWIFT_ACTIVE_COMPILATION_CONDITIONS = DEBUG;
				SWIFT_OPTIMIZATION_LEVEL = "-Onone";
			};
			name = Debug;
		};
		44F5B51E20EC65C300CCDB0F /* Release */ = {
			isa = XCBuildConfiguration;
			buildSettings = {
				ALWAYS_SEARCH_USER_PATHS = NO;
				CLANG_ANALYZER_NONNULL = YES;
				CLANG_ANALYZER_NUMBER_OBJECT_CONVERSION = YES_AGGRESSIVE;
				CLANG_CXX_LANGUAGE_STANDARD = "gnu++14";
				CLANG_CXX_LIBRARY = "libc++";
				CLANG_ENABLE_MODULES = YES;
				CLANG_ENABLE_OBJC_ARC = YES;
				CLANG_ENABLE_OBJC_WEAK = YES;
				CLANG_WARN_BLOCK_CAPTURE_AUTORELEASING = YES;
				CLANG_WARN_BOOL_CONVERSION = YES;
				CLANG_WARN_COMMA = YES;
				CLANG_WARN_CONSTANT_CONVERSION = YES;
				CLANG_WARN_DEPRECATED_OBJC_IMPLEMENTATIONS = YES;
				CLANG_WARN_DIRECT_OBJC_ISA_USAGE = YES_ERROR;
				CLANG_WARN_DOCUMENTATION_COMMENTS = YES;
				CLANG_WARN_EMPTY_BODY = YES;
				CLANG_WARN_ENUM_CONVERSION = YES;
				CLANG_WARN_INFINITE_RECURSION = YES;
				CLANG_WARN_INT_CONVERSION = YES;
				CLANG_WARN_NON_LITERAL_NULL_CONVERSION = YES;
				CLANG_WARN_OBJC_IMPLICIT_RETAIN_SELF = YES;
				CLANG_WARN_OBJC_LITERAL_CONVERSION = YES;
				CLANG_WARN_OBJC_ROOT_CLASS = YES_ERROR;
				CLANG_WARN_RANGE_LOOP_ANALYSIS = YES;
				CLANG_WARN_STRICT_PROTOTYPES = YES;
				CLANG_WARN_SUSPICIOUS_MOVE = YES;
				CLANG_WARN_UNGUARDED_AVAILABILITY = YES_AGGRESSIVE;
				CLANG_WARN_UNREACHABLE_CODE = YES;
				CLANG_WARN__DUPLICATE_METHOD_MATCH = YES;
				CODE_SIGN_IDENTITY = "iPhone Developer";
				COPY_PHASE_STRIP = NO;
				DEBUG_INFORMATION_FORMAT = "dwarf-with-dsym";
				ENABLE_NS_ASSERTIONS = NO;
				ENABLE_STRICT_OBJC_MSGSEND = YES;
				GCC_C_LANGUAGE_STANDARD = gnu11;
				GCC_NO_COMMON_BLOCKS = YES;
				GCC_WARN_64_TO_32_BIT_CONVERSION = YES;
				GCC_WARN_ABOUT_RETURN_TYPE = YES_ERROR;
				GCC_WARN_UNDECLARED_SELECTOR = YES;
				GCC_WARN_UNINITIALIZED_AUTOS = YES_AGGRESSIVE;
				GCC_WARN_UNUSED_FUNCTION = YES;
				GCC_WARN_UNUSED_VARIABLE = YES;
				IPHONEOS_DEPLOYMENT_TARGET = 11.4;
				MTL_ENABLE_DEBUG_INFO = NO;
				SDKROOT = iphoneos;
				SWIFT_COMPILATION_MODE = wholemodule;
				SWIFT_OPTIMIZATION_LEVEL = "-O";
				VALIDATE_PRODUCT = YES;
			};
			name = Release;
		};
		44F5B52020EC65C300CCDB0F /* Debug */ = {
			isa = XCBuildConfiguration;
			baseConfigurationReference = CE77839A8E045533451455D3 /* Pods-iTA.debug.xcconfig */;
			buildSettings = {
				ASSETCATALOG_COMPILER_APPICON_NAME = AppIcon;
				CODE_SIGN_STYLE = Automatic;
				DEVELOPMENT_TEAM = 6PKN5CVAUC;
				INFOPLIST_FILE = iTA/Info.plist;
				LD_RUNPATH_SEARCH_PATHS = (
					"$(inherited)",
					"@executable_path/Frameworks",
				);
				PRODUCT_BUNDLE_IDENTIFIER = "Shuyang-Zang.iTA";
				PRODUCT_NAME = "$(TARGET_NAME)";
				SWIFT_VERSION = 4.0;
				TARGETED_DEVICE_FAMILY = "1,2";
			};
			name = Debug;
		};
		44F5B52120EC65C300CCDB0F /* Release */ = {
			isa = XCBuildConfiguration;
			baseConfigurationReference = F2450010A8740F64B853BFC3 /* Pods-iTA.release.xcconfig */;
			buildSettings = {
				ASSETCATALOG_COMPILER_APPICON_NAME = AppIcon;
				CODE_SIGN_STYLE = Automatic;
				DEVELOPMENT_TEAM = 6PKN5CVAUC;
				INFOPLIST_FILE = iTA/Info.plist;
				LD_RUNPATH_SEARCH_PATHS = (
					"$(inherited)",
					"@executable_path/Frameworks",
				);
				PRODUCT_BUNDLE_IDENTIFIER = "Shuyang-Zang.iTA";
				PRODUCT_NAME = "$(TARGET_NAME)";
				SWIFT_VERSION = 4.0;
				TARGETED_DEVICE_FAMILY = "1,2";
			};
			name = Release;
		};
		44F5B52320EC65C300CCDB0F /* Debug */ = {
			isa = XCBuildConfiguration;
			baseConfigurationReference = 839E4318AE597362213E336C /* Pods-iTATests.debug.xcconfig */;
			buildSettings = {
				ALWAYS_EMBED_SWIFT_STANDARD_LIBRARIES = YES;
				BUNDLE_LOADER = "$(TEST_HOST)";
				CODE_SIGN_STYLE = Automatic;
				INFOPLIST_FILE = iTATests/Info.plist;
				LD_RUNPATH_SEARCH_PATHS = (
					"$(inherited)",
					"@executable_path/Frameworks",
					"@loader_path/Frameworks",
				);
				PRODUCT_BUNDLE_IDENTIFIER = "Shuyang-Zang.iTATests";
				PRODUCT_NAME = "$(TARGET_NAME)";
				SWIFT_VERSION = 4.0;
				TARGETED_DEVICE_FAMILY = "1,2";
				TEST_HOST = "$(BUILT_PRODUCTS_DIR)/iTA.app/iTA";
			};
			name = Debug;
		};
		44F5B52420EC65C300CCDB0F /* Release */ = {
			isa = XCBuildConfiguration;
			baseConfigurationReference = 815E1F78EF99045FE80553C8 /* Pods-iTATests.release.xcconfig */;
			buildSettings = {
				ALWAYS_EMBED_SWIFT_STANDARD_LIBRARIES = YES;
				BUNDLE_LOADER = "$(TEST_HOST)";
				CODE_SIGN_STYLE = Automatic;
				INFOPLIST_FILE = iTATests/Info.plist;
				LD_RUNPATH_SEARCH_PATHS = (
					"$(inherited)",
					"@executable_path/Frameworks",
					"@loader_path/Frameworks",
				);
				PRODUCT_BUNDLE_IDENTIFIER = "Shuyang-Zang.iTATests";
				PRODUCT_NAME = "$(TARGET_NAME)";
				SWIFT_VERSION = 4.0;
				TARGETED_DEVICE_FAMILY = "1,2";
				TEST_HOST = "$(BUILT_PRODUCTS_DIR)/iTA.app/iTA";
			};
			name = Release;
		};
		44F5B52620EC65C300CCDB0F /* Debug */ = {
			isa = XCBuildConfiguration;
			baseConfigurationReference = 10A37E65B7DB46B84F6E63F1 /* Pods-iTAUITests.debug.xcconfig */;
			buildSettings = {
				ALWAYS_EMBED_SWIFT_STANDARD_LIBRARIES = YES;
				CODE_SIGN_STYLE = Automatic;
				INFOPLIST_FILE = iTAUITests/Info.plist;
				LD_RUNPATH_SEARCH_PATHS = (
					"$(inherited)",
					"@executable_path/Frameworks",
					"@loader_path/Frameworks",
				);
				PRODUCT_BUNDLE_IDENTIFIER = "Shuyang-Zang.iTAUITests";
				PRODUCT_NAME = "$(TARGET_NAME)";
				SWIFT_VERSION = 4.0;
				TARGETED_DEVICE_FAMILY = "1,2";
				TEST_TARGET_NAME = iTA;
			};
			name = Debug;
		};
		44F5B52720EC65C300CCDB0F /* Release */ = {
			isa = XCBuildConfiguration;
			baseConfigurationReference = C4E6E82D5E1059595A27A6F9 /* Pods-iTAUITests.release.xcconfig */;
			buildSettings = {
				ALWAYS_EMBED_SWIFT_STANDARD_LIBRARIES = YES;
				CODE_SIGN_STYLE = Automatic;
				INFOPLIST_FILE = iTAUITests/Info.plist;
				LD_RUNPATH_SEARCH_PATHS = (
					"$(inherited)",
					"@executable_path/Frameworks",
					"@loader_path/Frameworks",
				);
				PRODUCT_BUNDLE_IDENTIFIER = "Shuyang-Zang.iTAUITests";
				PRODUCT_NAME = "$(TARGET_NAME)";
				SWIFT_VERSION = 4.0;
				TARGETED_DEVICE_FAMILY = "1,2";
				TEST_TARGET_NAME = iTA;
			};
			name = Release;
		};
/* End XCBuildConfiguration section */

/* Begin XCConfigurationList section */
		44F5B4F220EC65C200CCDB0F /* Build configuration list for PBXProject "iTA" */ = {
			isa = XCConfigurationList;
			buildConfigurations = (
				44F5B51D20EC65C300CCDB0F /* Debug */,
				44F5B51E20EC65C300CCDB0F /* Release */,
			);
			defaultConfigurationIsVisible = 0;
			defaultConfigurationName = Release;
		};
		44F5B51F20EC65C300CCDB0F /* Build configuration list for PBXNativeTarget "iTA" */ = {
			isa = XCConfigurationList;
			buildConfigurations = (
				44F5B52020EC65C300CCDB0F /* Debug */,
				44F5B52120EC65C300CCDB0F /* Release */,
			);
			defaultConfigurationIsVisible = 0;
			defaultConfigurationName = Release;
		};
		44F5B52220EC65C300CCDB0F /* Build configuration list for PBXNativeTarget "iTATests" */ = {
			isa = XCConfigurationList;
			buildConfigurations = (
				44F5B52320EC65C300CCDB0F /* Debug */,
				44F5B52420EC65C300CCDB0F /* Release */,
			);
			defaultConfigurationIsVisible = 0;
			defaultConfigurationName = Release;
		};
		44F5B52520EC65C300CCDB0F /* Build configuration list for PBXNativeTarget "iTAUITests" */ = {
			isa = XCConfigurationList;
			buildConfigurations = (
				44F5B52620EC65C300CCDB0F /* Debug */,
				44F5B52720EC65C300CCDB0F /* Release */,
			);
			defaultConfigurationIsVisible = 0;
			defaultConfigurationName = Release;
		};
/* End XCConfigurationList section */
	};
	rootObject = 44F5B4EF20EC65C200CCDB0F /* Project object */;
}
